
Microsoft Visual Studio Solution File, Format Version 12.00
# Visual Studio Version 17
VisualStudioVersion = 17.11.35219.272
MinimumVisualStudioVersion = 10.0.40219.1
Project("{FAE04EC0-301F-11D3-BF4B-00C04F79EFBC}") = "ContosoUni", "ContosoUni\ContosoUni.csproj", "{F2A53DD2-4016-4F31-B68E-A80820A60E8C}"
EndProject
Global
	GlobalSection(SolutionConfigurationPlatforms) = preSolution
		Debug|Any CPU = Debug|Any CPU
		Release|Any CPU = Release|Any CPU
	EndGlobalSection
	GlobalSection(ProjectConfigurationPlatforms) = postSolution
		{F2A53DD2-4016-4F31-B68E-A80820A60E8C}.Debug|Any CPU.ActiveCfg = Debug|Any CPU
		{F2A53DD2-4016-4F31-B68E-A80820A60E8C}.Debug|Any CPU.Build.0 = Debug|Any CPU
		{F2A53DD2-4016-4F31-B68E-A80820A60E8C}.Release|Any CPU.ActiveCfg = Release|Any CPU
		{F2A53DD2-4016-4F31-B68E-A80820A60E8C}.Release|Any CPU.Build.0 = Release|Any CPU
	EndGlobalSection
	GlobalSection(SolutionProperties) = preSolution
		HideSolutionNode = FALSE
	EndGlobalSection
	GlobalSection(ExtensibilityGlobals) = postSolution
		SolutionGuid = {2E5ADCBF-8E96-4752-A36B-ADE91912A8A0}
	EndGlobalSection
EndGlobal
